
Microsoft Visual Studio Solution File, Format Version 12.00
# Visual Studio Version 17
VisualStudioVersion = 17.8.34408.163
MinimumVisualStudioVersion = 10.0.40219.1
Project("{9A19103F-16F7-4668-BE54-9A1E7A4F7556}") = "Minesweeper", "Minesweeper\Minesweeper.csproj", "{36D0DCD4-B119-41C8-A971-E6A698246EC5}"
EndProject
Project("{9A19103F-16F7-4668-BE54-9A1E7A4F7556}") = "Minesweeper.IntegrationTests", "Minesweeper.IntegrationTests\Minesweeper.IntegrationTests.csproj", "{2FCB0749-A32B-4733-BF5C-8A0A83C923AE}"
EndProject
Project("{9A19103F-16F7-4668-BE54-9A1E7A4F7556}") = "Minesweeper.UnitTests", "Minesweeper.UnitTests\Minesweeper.UnitTests.csproj", "{36F8FD19-FA7B-4EBB-AC9E-99864DE38C8F}"
EndProject
Global
	GlobalSection(SolutionConfigurationPlatforms) = preSolution
		Debug|Any CPU = Debug|Any CPU
		Release|Any CPU = Release|Any CPU
	EndGlobalSection
	GlobalSection(ProjectConfigurationPlatforms) = postSolution
		{36D0DCD4-B119-41C8-A971-E6A698246EC5}.Debug|Any CPU.ActiveCfg = Debug|Any CPU
		{36D0DCD4-B119-41C8-A971-E6A698246EC5}.Debug|Any CPU.Build.0 = Debug|Any CPU
		{36D0DCD4-B119-41C8-A971-E6A698246EC5}.Release|Any CPU.ActiveCfg = Release|Any CPU
		{36D0DCD4-B119-41C8-A971-E6A698246EC5}.Release|Any CPU.Build.0 = Release|Any CPU
		{2FCB0749-A32B-4733-BF5C-8A0A83C923AE}.Debug|Any CPU.ActiveCfg = Debug|Any CPU
		{2FCB0749-A32B-4733-BF5C-8A0A83C923AE}.Debug|Any CPU.Build.0 = Debug|Any CPU
		{2FCB0749-A32B-4733-BF5C-8A0A83C923AE}.Release|Any CPU.ActiveCfg = Release|Any CPU
		{2FCB0749-A32B-4733-BF5C-8A0A83C923AE}.Release|Any CPU.Build.0 = Release|Any CPU
		{36F8FD19-FA7B-4EBB-AC9E-99864DE38C8F}.Debug|Any CPU.ActiveCfg = Debug|Any CPU
		{36F8FD19-FA7B-4EBB-AC9E-99864DE38C8F}.Debug|Any CPU.Build.0 = Debug|Any CPU
		{36F8FD19-FA7B-4EBB-AC9E-99864DE38C8F}.Release|Any CPU.ActiveCfg = Release|Any CPU
		{36F8FD19-FA7B-4EBB-AC9E-99864DE38C8F}.Release|Any CPU.Build.0 = Release|Any CPU
	EndGlobalSection
	GlobalSection(SolutionProperties) = preSolution
		HideSolutionNode = FALSE
	EndGlobalSection
	GlobalSection(ExtensibilityGlobals) = postSolution
		SolutionGuid = {4D7B3B3A-0C1F-4D97-B4A2-D5C59B5C83F7}
	EndGlobalSection
EndGlobal
